{
  "name": "frontend",
  "lockfileVersion": 3,
  "requires": true,
  "packages": {
    "": {
      "dependencies": {
        "code-sync": "file:.."
      }
    },
    "..": {
      "version": "1.0.0",
      "license": "ISC"
    },
    "node_modules/code-sync": {
      "resolved": "..",
      "link": true
    }
  }
}
